{
  "name": "example-standard-streams-node-cycle",
  "version": "1.0.0",
  "lockfileVersion": 1,
  "requires": true,
  "dependencies": {
    "@cycle/run": {
      "version": "5.4.0",
      "resolved": "https://registry.npmjs.org/@cycle/run/-/run-5.4.0.tgz",
      "integrity": "sha512-IAFwavuZGZP39XjxL7eQyQ9e6xZUMUjvlhFd3lZoyJPavHBbW8GPiCy5SJ3NCxM6trbgQQ8agu7sr72J83clBA==",
      "requires": {
        "quicktask": "1.1.0",
        "xstream": "10.x || 11.x"
      }
    },
    "quicktask": {
      "version": "1.1.0",
      "resolved": "https://registry.npmjs.org/quicktask/-/quicktask-1.1.0.tgz",
      "integrity": "sha512-b3w19IEXnt5auacLAbePVsqPyVQUwmuhJQrrWnVhm4pP8PAMg2U9vFHbAD9XYXXbMDjdLJs0x5NLqwTV8uFK4g=="
    },
    "symbol-observable": {
      "version": "1.2.0",
      "resolved": "https://registry.npmjs.org/symbol-observable/-/symbol-observable-1.2.0.tgz",
      "integrity": "sha512-e900nM8RRtGhlV36KGEU9k65K3mPb1WV70OdjfxlG2EAuM1noi/E/BaW/uMhL7bPEssK8QV57vN3esixjUvcXQ=="
    },
    "xstream": {
      "version": "11.12.0",
      "resolved": "https://registry.npmjs.org/xstream/-/xstream-11.12.0.tgz",
      "integrity": "sha512-rceZqhyRPJdmDNh8hyFEnOacNrL4pTVkNZzoLvFqOVaIZHbM3bS15ycqI5V9eJXCRMfgEapwzcNzPjkIRUkv2Q==",
      "requires": {
        "symbol-observable": "1.2.0"
      }
    }
  }
}
